
Microsoft Visual Studio Solution File, Format Version 12.00
# Visual Studio Version 17
VisualStudioVersion = 17.7.34009.444
MinimumVisualStudioVersion = 10.0.40219.1
Project("{FAE04EC0-301F-11D3-BF4B-00C04F79EFBC}") = "MountainSequence", "MountainSequence\MountainSequence.csproj", "{B5BEE947-FB83-499B-99C2-92BDCD268810}"
EndProject
Global
	GlobalSection(SolutionConfigurationPlatforms) = preSolution
		Debug|Any CPU = Debug|Any CPU
		Release|Any CPU = Release|Any CPU
	EndGlobalSection
	GlobalSection(ProjectConfigurationPlatforms) = postSolution
		{B5BEE947-FB83-499B-99C2-92BDCD268810}.Debug|Any CPU.ActiveCfg = Debug|Any CPU
		{B5BEE947-FB83-499B-99C2-92BDCD268810}.Debug|Any CPU.Build.0 = Debug|Any CPU
		{B5BEE947-FB83-499B-99C2-92BDCD268810}.Release|Any CPU.ActiveCfg = Release|Any CPU
		{B5BEE947-FB83-499B-99C2-92BDCD268810}.Release|Any CPU.Build.0 = Release|Any CPU
	EndGlobalSection
	GlobalSection(SolutionProperties) = preSolution
		HideSolutionNode = FALSE
	EndGlobalSection
	GlobalSection(ExtensibilityGlobals) = postSolution
		SolutionGuid = {8FB10E4B-937E-49A6-AAF7-2D3E74589D7B}
	EndGlobalSection
EndGlobal
